
Microsoft Visual Studio Solution File, Format Version 12.00
# Visual Studio Version 17
VisualStudioVersion = 17.9.34723.18
MinimumVisualStudioVersion = 10.0.40219.1
Project("{FAE04EC0-301F-11D3-BF4B-00C04F79EFBC}") = "PrimeiroProjto", "PrimeiroProjto\PrimeiroProjto.csproj", "{0D397114-3867-44D8-8131-9C3045F5CB89}"
EndProject
Global
	GlobalSection(SolutionConfigurationPlatforms) = preSolution
		Debug|Any CPU = Debug|Any CPU
		Release|Any CPU = Release|Any CPU
	EndGlobalSection
	GlobalSection(ProjectConfigurationPlatforms) = postSolution
		{0D397114-3867-44D8-8131-9C3045F5CB89}.Debug|Any CPU.ActiveCfg = Debug|Any CPU
		{0D397114-3867-44D8-8131-9C3045F5CB89}.Debug|Any CPU.Build.0 = Debug|Any CPU
		{0D397114-3867-44D8-8131-9C3045F5CB89}.Release|Any CPU.ActiveCfg = Release|Any CPU
		{0D397114-3867-44D8-8131-9C3045F5CB89}.Release|Any CPU.Build.0 = Release|Any CPU
	EndGlobalSection
	GlobalSection(SolutionProperties) = preSolution
		HideSolutionNode = FALSE
	EndGlobalSection
	GlobalSection(ExtensibilityGlobals) = postSolution
		SolutionGuid = {D62A3F6B-0276-4132-8BAE-523CF6712EAC}
	EndGlobalSection
EndGlobal
